
Microsoft Visual Studio Solution File, Format Version 12.00
# Visual Studio 15
VisualStudioVersion = 15.0.27130.2010
MinimumVisualStudioVersion = 10.0.40219.1
Project("{FAE04EC0-301F-11D3-BF4B-00C04F79EFBC}") = "Examination1", "Examination1\Examination1.csproj", "{5C120344-C8D5-4BC4-8F77-1068B6C0F12B}"
EndProject
Global
	GlobalSection(SolutionConfigurationPlatforms) = preSolution
		Debug|Any CPU = Debug|Any CPU
		Release|Any CPU = Release|Any CPU
	EndGlobalSection
	GlobalSection(ProjectConfigurationPlatforms) = postSolution
		{5C120344-C8D5-4BC4-8F77-1068B6C0F12B}.Debug|Any CPU.ActiveCfg = Debug|Any CPU
		{5C120344-C8D5-4BC4-8F77-1068B6C0F12B}.Debug|Any CPU.Build.0 = Debug|Any CPU
		{5C120344-C8D5-4BC4-8F77-1068B6C0F12B}.Release|Any CPU.ActiveCfg = Release|Any CPU
		{5C120344-C8D5-4BC4-8F77-1068B6C0F12B}.Release|Any CPU.Build.0 = Release|Any CPU
	EndGlobalSection
	GlobalSection(SolutionProperties) = preSolution
		HideSolutionNode = FALSE
	EndGlobalSection
	GlobalSection(ExtensibilityGlobals) = postSolution
		SolutionGuid = {D8210A74-56B1-40BB-87C2-E1DDAC052DD3}
	EndGlobalSection
EndGlobal
